
Microsoft Visual Studio Solution File, Format Version 12.00
# Visual Studio Version 16
VisualStudioVersion = 25.0.1706.6
MinimumVisualStudioVersion = 10.0.40219.1
Project("{2150E333-8FDC-42A3-9474-1A3956D46DE8}") = "src", "src", "{D9EEF342-ABD8-458E-AEF7-5501E8DE9F1B}"
EndProject
Project("{2150E333-8FDC-42A3-9474-1A3956D46DE8}") = "SolutionItems", "SolutionItems", "{74AFE52B-BC2B-4A2B-BD21-DB370EDB38B9}"
EndProject
Project("{2150E333-8FDC-42A3-9474-1A3956D46DE8}") = "ApiGateways", "ApiGateways", "{A7137A61-384C-4E42-87AD-044F51AEA277}"
EndProject
Project("{2150E333-8FDC-42A3-9474-1A3956D46DE8}") = "WebApiGateway", "WebApiGateway", "{576BA85D-7495-4346-B5AD-DE8B2CABDD54}"
EndProject
Project("{FAE04EC0-301F-11D3-BF4B-00C04F79EFBC}") = "Web.ApiGateway", "src\ApiGateways\WebApiGateway\Web.ApiGateway\Web.ApiGateway.csproj", "{5804DFE1-DCBC-420D-868D-4879E0CCA664}"
EndProject
Project("{2150E333-8FDC-42A3-9474-1A3956D46DE8}") = "BuildingBlocks", "BuildingBlocks", "{DFAC0E91-3BC9-49A0-8335-A8465D2B1750}"
EndProject
Project("{2150E333-8FDC-42A3-9474-1A3956D46DE8}") = "EventBus", "EventBus", "{FDB8F951-9EE3-4A46-AF96-4DED414B25DD}"
EndProject
Project("{FAE04EC0-301F-11D3-BF4B-00C04F79EFBC}") = "EventBus.Base", "src\BuildingBlocks\EventBus\EventBus.Base\EventBus.Base.csproj", "{949AFF94-245D-479E-9F15-FECC7E95A581}"
EndProject
Project("{FAE04EC0-301F-11D3-BF4B-00C04F79EFBC}") = "EventBus.Factory", "src\BuildingBlocks\EventBus\EventBus.Factory\EventBus.Factory.csproj", "{07D4A1CE-76F7-4193-9710-4521275096CF}"
EndProject
Project("{FAE04EC0-301F-11D3-BF4B-00C04F79EFBC}") = "EventBus.AzureServiceBus", "src\BuildingBlocks\EventBus\EventBus.AzureServiceBus\EventBus.AzureServiceBus.csproj", "{A84F817F-BCE5-486D-B4AE-114AE728B373}"
EndProject
Project("{FAE04EC0-301F-11D3-BF4B-00C04F79EFBC}") = "EventBus.RabbitMQ", "src\BuildingBlocks\EventBus\EventBus.RabbitMQ\EventBus.RabbitMQ.csproj", "{798802D7-E26C-48D3-A4F1-F731A41F46CB}"
EndProject
Project("{2150E333-8FDC-42A3-9474-1A3956D46DE8}") = "Clients", "Clients", "{4E49D735-4209-49F2-A67D-093D4846FCBB}"
EndProject
Project("{2150E333-8FDC-42A3-9474-1A3956D46DE8}") = "BlazorWebApp", "BlazorWebApp", "{31F04412-8ED8-40A5-90CC-CF40CA98406C}"
EndProject
Project("{FAE04EC0-301F-11D3-BF4B-00C04F79EFBC}") = "WebApp", "src\Clients\BlazorWebApp\WebApp\WebApp.csproj", "{7223AC17-5776-4039-A055-6972E43002F2}"
EndProject
Project("{2150E333-8FDC-42A3-9474-1A3956D46DE8}") = "Services", "Services", "{884BB991-25DC-40D9-B264-3D47CC203EEF}"
EndProject
Project("{2150E333-8FDC-42A3-9474-1A3956D46DE8}") = "BasketService", "BasketService", "{2276A800-2188-4595-9362-64DA6118C3DC}"
EndProject
Project("{FAE04EC0-301F-11D3-BF4B-00C04F79EFBC}") = "BasketService.Api", "src\Services\BasketService\BasketService.Api\BasketService.Api.csproj", "{989BC77F-E733-4876-92A6-7D98354D53F2}"
EndProject
Project("{2150E333-8FDC-42A3-9474-1A3956D46DE8}") = "CatalogService", "CatalogService", "{F82D5717-CBC9-40D1-9717-B252D300BD69}"
EndProject
Project("{FAE04EC0-301F-11D3-BF4B-00C04F79EFBC}") = "CatalogService.Api", "src\Services\CatalogService\CatalogService.Api\CatalogService.Api.csproj", "{9631AD2A-1B00-40E2-9F97-98CB48DB529D}"
EndProject
Project("{2150E333-8FDC-42A3-9474-1A3956D46DE8}") = "IdendityService", "IdendityService", "{227102CF-6393-440F-B30D-24DA65BF0DD7}"
EndProject
Project("{FAE04EC0-301F-11D3-BF4B-00C04F79EFBC}") = "IdendityService", "src\Services\IdendityService\IdendityService\IdendityService.csproj", "{6B7E7308-EBA8-42E0-96AC-FD4CD9507825}"
EndProject
Project("{2150E333-8FDC-42A3-9474-1A3956D46DE8}") = "NotificaitonService", "NotificaitonService", "{6D603285-BF9B-4156-889A-F64A1CED0CA7}"
EndProject
Project("{2150E333-8FDC-42A3-9474-1A3956D46DE8}") = "OrderService", "OrderService", "{A643557A-3255-45F6-A50B-19CC1C6C595B}"
EndProject
Project("{FAE04EC0-301F-11D3-BF4B-00C04F79EFBC}") = "NotificaitonService", "src\Services\NotificationService\NotificaitonService\NotificaitonService.csproj", "{19553AD3-19D0-4F6B-9972-476D8017B878}"
EndProject
Project("{FAE04EC0-301F-11D3-BF4B-00C04F79EFBC}") = "OrderService.Domain", "src\Services\OrderService\OrderService.Domain\OrderService.Domain.csproj", "{1010D3D7-A26B-47B3-9C27-5CD374F3A738}"
EndProject
Project("{FAE04EC0-301F-11D3-BF4B-00C04F79EFBC}") = "OrderService.Application", "src\Services\OrderService\OrderService.Application\OrderService.Application.csproj", "{274B394F-F103-4B6C-ABC0-967BAC08C0AC}"
EndProject
Project("{FAE04EC0-301F-11D3-BF4B-00C04F79EFBC}") = "OrderService.Infrastructure", "src\Services\OrderService\OrderService.Infrastructure\OrderService.Infrastructure.csproj", "{AADDB09F-C18F-460E-A3F1-AC43C2CCF912}"
EndProject
Project("{FAE04EC0-301F-11D3-BF4B-00C04F79EFBC}") = "OrderService.Api", "src\Services\OrderService\OrderService.Api\OrderService.Api.csproj", "{FD680912-F3E3-4296-9687-0590ED3EFB1C}"
EndProject
Project("{2150E333-8FDC-42A3-9474-1A3956D46DE8}") = "PaymentService", "PaymentService", "{E8066160-1C4F-467D-A9CF-25F8C3B9EC2D}"
EndProject
Project("{FAE04EC0-301F-11D3-BF4B-00C04F79EFBC}") = "PaymentService.Api", "src\Services\PaymentService\PaymentService.Api\PaymentService.Api.csproj", "{58E65048-F80A-45E8-A75B-A14065A9C18D}"
EndProject
Project("{2150E333-8FDC-42A3-9474-1A3956D46DE8}") = "tests", "tests", "{391AE957-7902-4848-858E-C3D77390305D}"
EndProject
Project("{2150E333-8FDC-42A3-9474-1A3956D46DE8}") = "BuildingBlocks", "BuildingBlocks", "{8A115E69-269F-4067-B0F3-9FDDF97CD38D}"
EndProject
Project("{FAE04EC0-301F-11D3-BF4B-00C04F79EFBC}") = "EventBus.UnitTest", "tests\BuildingBlocks\EventBus.UnitTest\EventBus.UnitTest.csproj", "{7076F40C-1A31-48AA-B1B6-39827D957236}"
EndProject
Global
	GlobalSection(SolutionConfigurationPlatforms) = preSolution
		Debug|Any CPU = Debug|Any CPU
		Release|Any CPU = Release|Any CPU
	EndGlobalSection
	GlobalSection(ProjectConfigurationPlatforms) = postSolution
		{5804DFE1-DCBC-420D-868D-4879E0CCA664}.Debug|Any CPU.ActiveCfg = Debug|Any CPU
		{5804DFE1-DCBC-420D-868D-4879E0CCA664}.Debug|Any CPU.Build.0 = Debug|Any CPU
		{5804DFE1-DCBC-420D-868D-4879E0CCA664}.Release|Any CPU.ActiveCfg = Release|Any CPU
		{5804DFE1-DCBC-420D-868D-4879E0CCA664}.Release|Any CPU.Build.0 = Release|Any CPU
		{949AFF94-245D-479E-9F15-FECC7E95A581}.Debug|Any CPU.ActiveCfg = Debug|Any CPU
		{949AFF94-245D-479E-9F15-FECC7E95A581}.Debug|Any CPU.Build.0 = Debug|Any CPU
		{949AFF94-245D-479E-9F15-FECC7E95A581}.Release|Any CPU.ActiveCfg = Release|Any CPU
		{949AFF94-245D-479E-9F15-FECC7E95A581}.Release|Any CPU.Build.0 = Release|Any CPU
		{07D4A1CE-76F7-4193-9710-4521275096CF}.Debug|Any CPU.ActiveCfg = Debug|Any CPU
		{07D4A1CE-76F7-4193-9710-4521275096CF}.Debug|Any CPU.Build.0 = Debug|Any CPU
		{07D4A1CE-76F7-4193-9710-4521275096CF}.Release|Any CPU.ActiveCfg = Release|Any CPU
		{07D4A1CE-76F7-4193-9710-4521275096CF}.Release|Any CPU.Build.0 = Release|Any CPU
		{A84F817F-BCE5-486D-B4AE-114AE728B373}.Debug|Any CPU.ActiveCfg = Debug|Any CPU
		{A84F817F-BCE5-486D-B4AE-114AE728B373}.Debug|Any CPU.Build.0 = Debug|Any CPU
		{A84F817F-BCE5-486D-B4AE-114AE728B373}.Release|Any CPU.ActiveCfg = Release|Any CPU
		{A84F817F-BCE5-486D-B4AE-114AE728B373}.Release|Any CPU.Build.0 = Release|Any CPU
		{798802D7-E26C-48D3-A4F1-F731A41F46CB}.Debug|Any CPU.ActiveCfg = Debug|Any CPU
		{798802D7-E26C-48D3-A4F1-F731A41F46CB}.Debug|Any CPU.Build.0 = Debug|Any CPU
		{798802D7-E26C-48D3-A4F1-F731A41F46CB}.Release|Any CPU.ActiveCfg = Release|Any CPU
		{798802D7-E26C-48D3-A4F1-F731A41F46CB}.Release|Any CPU.Build.0 = Release|Any CPU
		{7223AC17-5776-4039-A055-6972E43002F2}.Debug|Any CPU.ActiveCfg = Debug|Any CPU
		{7223AC17-5776-4039-A055-6972E43002F2}.Debug|Any CPU.Build.0 = Debug|Any CPU
		{7223AC17-5776-4039-A055-6972E43002F2}.Release|Any CPU.ActiveCfg = Release|Any CPU
		{7223AC17-5776-4039-A055-6972E43002F2}.Release|Any CPU.Build.0 = Release|Any CPU
		{989BC77F-E733-4876-92A6-7D98354D53F2}.Debug|Any CPU.ActiveCfg = Debug|Any CPU
		{989BC77F-E733-4876-92A6-7D98354D53F2}.Debug|Any CPU.Build.0 = Debug|Any CPU
		{989BC77F-E733-4876-92A6-7D98354D53F2}.Release|Any CPU.ActiveCfg = Release|Any CPU
		{989BC77F-E733-4876-92A6-7D98354D53F2}.Release|Any CPU.Build.0 = Release|Any CPU
		{9631AD2A-1B00-40E2-9F97-98CB48DB529D}.Debug|Any CPU.ActiveCfg = Debug|Any CPU
		{9631AD2A-1B00-40E2-9F97-98CB48DB529D}.Debug|Any CPU.Build.0 = Debug|Any CPU
		{9631AD2A-1B00-40E2-9F97-98CB48DB529D}.Release|Any CPU.ActiveCfg = Release|Any CPU
		{9631AD2A-1B00-40E2-9F97-98CB48DB529D}.Release|Any CPU.Build.0 = Release|Any CPU
		{6B7E7308-EBA8-42E0-96AC-FD4CD9507825}.Debug|Any CPU.ActiveCfg = Debug|Any CPU
		{6B7E7308-EBA8-42E0-96AC-FD4CD9507825}.Debug|Any CPU.Build.0 = Debug|Any CPU
		{6B7E7308-EBA8-42E0-96AC-FD4CD9507825}.Release|Any CPU.ActiveCfg = Release|Any CPU
		{6B7E7308-EBA8-42E0-96AC-FD4CD9507825}.Release|Any CPU.Build.0 = Release|Any CPU
		{19553AD3-19D0-4F6B-9972-476D8017B878}.Debug|Any CPU.ActiveCfg = Debug|Any CPU
		{19553AD3-19D0-4F6B-9972-476D8017B878}.Debug|Any CPU.Build.0 = Debug|Any CPU
		{19553AD3-19D0-4F6B-9972-476D8017B878}.Release|Any CPU.ActiveCfg = Release|Any CPU
		{19553AD3-19D0-4F6B-9972-476D8017B878}.Release|Any CPU.Build.0 = Release|Any CPU
		{1010D3D7-A26B-47B3-9C27-5CD374F3A738}.Debug|Any CPU.ActiveCfg = Debug|Any CPU
		{1010D3D7-A26B-47B3-9C27-5CD374F3A738}.Debug|Any CPU.Build.0 = Debug|Any CPU
		{1010D3D7-A26B-47B3-9C27-5CD374F3A738}.Release|Any CPU.ActiveCfg = Release|Any CPU
		{1010D3D7-A26B-47B3-9C27-5CD374F3A738}.Release|Any CPU.Build.0 = Release|Any CPU
		{274B394F-F103-4B6C-ABC0-967BAC08C0AC}.Debug|Any CPU.ActiveCfg = Debug|Any CPU
		{274B394F-F103-4B6C-ABC0-967BAC08C0AC}.Debug|Any CPU.Build.0 = Debug|Any CPU
		{274B394F-F103-4B6C-ABC0-967BAC08C0AC}.Release|Any CPU.ActiveCfg = Release|Any CPU
		{274B394F-F103-4B6C-ABC0-967BAC08C0AC}.Release|Any CPU.Build.0 = Release|Any CPU
		{AADDB09F-C18F-460E-A3F1-AC43C2CCF912}.Debug|Any CPU.ActiveCfg = Debug|Any CPU
		{AADDB09F-C18F-460E-A3F1-AC43C2CCF912}.Debug|Any CPU.Build.0 = Debug|Any CPU
		{AADDB09F-C18F-460E-A3F1-AC43C2CCF912}.Release|Any CPU.ActiveCfg = Release|Any CPU
		{AADDB09F-C18F-460E-A3F1-AC43C2CCF912}.Release|Any CPU.Build.0 = Release|Any CPU
		{FD680912-F3E3-4296-9687-0590ED3EFB1C}.Debug|Any CPU.ActiveCfg = Debug|Any CPU
		{FD680912-F3E3-4296-9687-0590ED3EFB1C}.Debug|Any CPU.Build.0 = Debug|Any CPU
		{FD680912-F3E3-4296-9687-0590ED3EFB1C}.Release|Any CPU.ActiveCfg = Release|Any CPU
		{FD680912-F3E3-4296-9687-0590ED3EFB1C}.Release|Any CPU.Build.0 = Release|Any CPU
		{58E65048-F80A-45E8-A75B-A14065A9C18D}.Debug|Any CPU.ActiveCfg = Debug|Any CPU
		{58E65048-F80A-45E8-A75B-A14065A9C18D}.Debug|Any CPU.Build.0 = Debug|Any CPU
		{58E65048-F80A-45E8-A75B-A14065A9C18D}.Release|Any CPU.ActiveCfg = Release|Any CPU
		{58E65048-F80A-45E8-A75B-A14065A9C18D}.Release|Any CPU.Build.0 = Release|Any CPU
		{7076F40C-1A31-48AA-B1B6-39827D957236}.Debug|Any CPU.ActiveCfg = Debug|Any CPU
		{7076F40C-1A31-48AA-B1B6-39827D957236}.Debug|Any CPU.Build.0 = Debug|Any CPU
		{7076F40C-1A31-48AA-B1B6-39827D957236}.Release|Any CPU.ActiveCfg = Release|Any CPU
		{7076F40C-1A31-48AA-B1B6-39827D957236}.Release|Any CPU.Build.0 = Release|Any CPU
	EndGlobalSection
	GlobalSection(SolutionProperties) = preSolution
		HideSolutionNode = FALSE
	EndGlobalSection
	GlobalSection(ExtensibilityGlobals) = postSolution
		SolutionGuid = {89B5BC70-15AB-4087-AE5F-786D348E4100}
	EndGlobalSection
	GlobalSection(NestedProjects) = preSolution
		{A7137A61-384C-4E42-87AD-044F51AEA277} = {D9EEF342-ABD8-458E-AEF7-5501E8DE9F1B}
		{576BA85D-7495-4346-B5AD-DE8B2CABDD54} = {A7137A61-384C-4E42-87AD-044F51AEA277}
		{5804DFE1-DCBC-420D-868D-4879E0CCA664} = {576BA85D-7495-4346-B5AD-DE8B2CABDD54}
		{DFAC0E91-3BC9-49A0-8335-A8465D2B1750} = {D9EEF342-ABD8-458E-AEF7-5501E8DE9F1B}
		{FDB8F951-9EE3-4A46-AF96-4DED414B25DD} = {DFAC0E91-3BC9-49A0-8335-A8465D2B1750}
		{949AFF94-245D-479E-9F15-FECC7E95A581} = {FDB8F951-9EE3-4A46-AF96-4DED414B25DD}
		{07D4A1CE-76F7-4193-9710-4521275096CF} = {FDB8F951-9EE3-4A46-AF96-4DED414B25DD}
		{A84F817F-BCE5-486D-B4AE-114AE728B373} = {FDB8F951-9EE3-4A46-AF96-4DED414B25DD}
		{798802D7-E26C-48D3-A4F1-F731A41F46CB} = {FDB8F951-9EE3-4A46-AF96-4DED414B25DD}
		{4E49D735-4209-49F2-A67D-093D4846FCBB} = {D9EEF342-ABD8-458E-AEF7-5501E8DE9F1B}
		{31F04412-8ED8-40A5-90CC-CF40CA98406C} = {4E49D735-4209-49F2-A67D-093D4846FCBB}
		{7223AC17-5776-4039-A055-6972E43002F2} = {31F04412-8ED8-40A5-90CC-CF40CA98406C}
		{884BB991-25DC-40D9-B264-3D47CC203EEF} = {D9EEF342-ABD8-458E-AEF7-5501E8DE9F1B}
		{2276A800-2188-4595-9362-64DA6118C3DC} = {884BB991-25DC-40D9-B264-3D47CC203EEF}
		{989BC77F-E733-4876-92A6-7D98354D53F2} = {2276A800-2188-4595-9362-64DA6118C3DC}
		{F82D5717-CBC9-40D1-9717-B252D300BD69} = {884BB991-25DC-40D9-B264-3D47CC203EEF}
		{9631AD2A-1B00-40E2-9F97-98CB48DB529D} = {F82D5717-CBC9-40D1-9717-B252D300BD69}
		{227102CF-6393-440F-B30D-24DA65BF0DD7} = {884BB991-25DC-40D9-B264-3D47CC203EEF}
		{6B7E7308-EBA8-42E0-96AC-FD4CD9507825} = {227102CF-6393-440F-B30D-24DA65BF0DD7}
		{6D603285-BF9B-4156-889A-F64A1CED0CA7} = {884BB991-25DC-40D9-B264-3D47CC203EEF}
		{A643557A-3255-45F6-A50B-19CC1C6C595B} = {884BB991-25DC-40D9-B264-3D47CC203EEF}
		{19553AD3-19D0-4F6B-9972-476D8017B878} = {6D603285-BF9B-4156-889A-F64A1CED0CA7}
		{1010D3D7-A26B-47B3-9C27-5CD374F3A738} = {A643557A-3255-45F6-A50B-19CC1C6C595B}
		{274B394F-F103-4B6C-ABC0-967BAC08C0AC} = {A643557A-3255-45F6-A50B-19CC1C6C595B}
		{AADDB09F-C18F-460E-A3F1-AC43C2CCF912} = {A643557A-3255-45F6-A50B-19CC1C6C595B}
		{FD680912-F3E3-4296-9687-0590ED3EFB1C} = {A643557A-3255-45F6-A50B-19CC1C6C595B}
		{E8066160-1C4F-467D-A9CF-25F8C3B9EC2D} = {884BB991-25DC-40D9-B264-3D47CC203EEF}
		{58E65048-F80A-45E8-A75B-A14065A9C18D} = {E8066160-1C4F-467D-A9CF-25F8C3B9EC2D}
		{8A115E69-269F-4067-B0F3-9FDDF97CD38D} = {391AE957-7902-4848-858E-C3D77390305D}
		{7076F40C-1A31-48AA-B1B6-39827D957236} = {8A115E69-269F-4067-B0F3-9FDDF97CD38D}
	EndGlobalSection
EndGlobal
